
Microsoft Visual Studio Solution File, Format Version 12.00
# Visual Studio 2012
Project("{FAE04EC0-301F-11D3-BF4B-00C04F79EFBC}") = "MarsRover", "MarsRover\MarsRover.csproj", "{DADB441C-C650-4B38-934F-B7DAF4772E91}"
EndProject
Project("{FAE04EC0-301F-11D3-BF4B-00C04F79EFBC}") = "RoverTests", "RoverTests\RoverTests.csproj", "{990E2C12-56CB-4524-87E7-3DAE4F3D2DDB}"
EndProject
Global
	GlobalSection(SolutionConfigurationPlatforms) = preSolution
		Debug|x86 = Debug|x86
		Release|x86 = Release|x86
	EndGlobalSection
	GlobalSection(ProjectConfigurationPlatforms) = postSolution
		{990E2C12-56CB-4524-87E7-3DAE4F3D2DDB}.Debug|x86.ActiveCfg = Debug|Any CPU
		{990E2C12-56CB-4524-87E7-3DAE4F3D2DDB}.Debug|x86.Build.0 = Debug|Any CPU
		{990E2C12-56CB-4524-87E7-3DAE4F3D2DDB}.Release|x86.ActiveCfg = Release|Any CPU
		{990E2C12-56CB-4524-87E7-3DAE4F3D2DDB}.Release|x86.Build.0 = Release|Any CPU
		{DADB441C-C650-4B38-934F-B7DAF4772E91}.Debug|x86.ActiveCfg = Debug|x86
		{DADB441C-C650-4B38-934F-B7DAF4772E91}.Debug|x86.Build.0 = Debug|x86
		{DADB441C-C650-4B38-934F-B7DAF4772E91}.Release|x86.ActiveCfg = Release|x86
		{DADB441C-C650-4B38-934F-B7DAF4772E91}.Release|x86.Build.0 = Release|x86
	EndGlobalSection
EndGlobal
